# This file is automatically @generated by Cargo.
# It is not intended for manual editing.
version = 3

[[package]]
name = "aoc22_1"
version = "0.1.0"

[[package]]
name = "aoc22_2"
version = "0.1.0"

[[package]]
name = "aoc22_3"
version = "0.1.0"

[[package]]
name = "aoc22_4"
version = "0.1.0"

[[package]]
name = "aoc22_5"
version = "0.1.0"
